
Microsoft Visual Studio Solution File, Format Version 12.00
# Visual Studio 15
VisualStudioVersion = 15.0.27703.2026
MinimumVisualStudioVersion = 10.0.40219.1
Project("{8BC9CEB8-8B4A-11D0-8D11-00A0C91BC942}") = "wsping-gui", "wsping-gui\wsping-gui.vcxproj", "{C31D78B7-AF6D-4431-BC63-4F657290C8B8}"
EndProject
Project("{8BC9CEB8-8B4A-11D0-8D11-00A0C91BC942}") = "wsping-console", "wsping-console\wsping-console.vcxproj", "{90E6E106-6658-4DEA-9F31-0D94F2EEC3EE}"
EndProject
Global
	GlobalSection(SolutionConfigurationPlatforms) = preSolution
		Default|x64 = Default|x64
		Default|x86 = Default|x86
	EndGlobalSection
	GlobalSection(ProjectConfigurationPlatforms) = postSolution
		{C31D78B7-AF6D-4431-BC63-4F657290C8B8}.Default|x64.ActiveCfg = Default|x64
		{C31D78B7-AF6D-4431-BC63-4F657290C8B8}.Default|x64.Build.0 = Default|x64
		{C31D78B7-AF6D-4431-BC63-4F657290C8B8}.Default|x86.ActiveCfg = Default|Win32
		{C31D78B7-AF6D-4431-BC63-4F657290C8B8}.Default|x86.Build.0 = Default|Win32
		{90E6E106-6658-4DEA-9F31-0D94F2EEC3EE}.Default|x64.ActiveCfg = Default|x64
		{90E6E106-6658-4DEA-9F31-0D94F2EEC3EE}.Default|x64.Build.0 = Default|x64
		{90E6E106-6658-4DEA-9F31-0D94F2EEC3EE}.Default|x86.ActiveCfg = Default|Win32
		{90E6E106-6658-4DEA-9F31-0D94F2EEC3EE}.Default|x86.Build.0 = Default|Win32
	EndGlobalSection
	GlobalSection(SolutionProperties) = preSolution
		HideSolutionNode = FALSE
	EndGlobalSection
	GlobalSection(ExtensibilityGlobals) = postSolution
		SolutionGuid = {3C4A6DB3-02C6-4E84-BFEC-4FE89844A014}
	EndGlobalSection
EndGlobal
